
Microsoft Visual Studio Solution File, Format Version 12.00
# Visual Studio Version 17
VisualStudioVersion = 17.1.32328.378
MinimumVisualStudioVersion = 10.0.40219.1
Project("{FAE04EC0-301F-11D3-BF4B-00C04F79EFBC}") = "WpfApp1", "WpfApp1\WpfApp1.csproj", "{B2B86098-9593-48FF-9CAA-929309147C36}"
EndProject
Global
	GlobalSection(SolutionConfigurationPlatforms) = preSolution
		Debug|Any CPU = Debug|Any CPU
		Release|Any CPU = Release|Any CPU
	EndGlobalSection
	GlobalSection(ProjectConfigurationPlatforms) = postSolution
		{B2B86098-9593-48FF-9CAA-929309147C36}.Debug|Any CPU.ActiveCfg = Debug|Any CPU
		{B2B86098-9593-48FF-9CAA-929309147C36}.Debug|Any CPU.Build.0 = Debug|Any CPU
		{B2B86098-9593-48FF-9CAA-929309147C36}.Release|Any CPU.ActiveCfg = Release|Any CPU
		{B2B86098-9593-48FF-9CAA-929309147C36}.Release|Any CPU.Build.0 = Release|Any CPU
	EndGlobalSection
	GlobalSection(SolutionProperties) = preSolution
		HideSolutionNode = FALSE
	EndGlobalSection
	GlobalSection(ExtensibilityGlobals) = postSolution
		SolutionGuid = {24BEB9C8-A8DA-45E9-B954-75B7E6300E9E}
	EndGlobalSection
EndGlobal
